
Microsoft Visual Studio Solution File, Format Version 12.00
# Visual Studio Version 17
VisualStudioVersion = 17.3.32929.385
MinimumVisualStudioVersion = 10.0.40219.1
Project("{FAE04EC0-301F-11D3-BF4B-00C04F79EFBC}") = "EJER - 1", "EJER - 1\EJER - 1.csproj", "{1B4DE6DD-0072-4763-8580-1D06308BC82E}"
EndProject
Global
	GlobalSection(SolutionConfigurationPlatforms) = preSolution
		Debug|Any CPU = Debug|Any CPU
		Release|Any CPU = Release|Any CPU
	EndGlobalSection
	GlobalSection(ProjectConfigurationPlatforms) = postSolution
		{1B4DE6DD-0072-4763-8580-1D06308BC82E}.Debug|Any CPU.ActiveCfg = Debug|Any CPU
		{1B4DE6DD-0072-4763-8580-1D06308BC82E}.Debug|Any CPU.Build.0 = Debug|Any CPU
		{1B4DE6DD-0072-4763-8580-1D06308BC82E}.Release|Any CPU.ActiveCfg = Release|Any CPU
		{1B4DE6DD-0072-4763-8580-1D06308BC82E}.Release|Any CPU.Build.0 = Release|Any CPU
	EndGlobalSection
	GlobalSection(SolutionProperties) = preSolution
		HideSolutionNode = FALSE
	EndGlobalSection
	GlobalSection(ExtensibilityGlobals) = postSolution
		SolutionGuid = {D306EB00-342E-470E-8CB0-02C8D84053AF}
	EndGlobalSection
EndGlobal
