
Microsoft Visual Studio Solution File, Format Version 12.00
# Visual Studio Version 17
VisualStudioVersion = 17.3.32901.215
MinimumVisualStudioVersion = 10.0.40219.1
Project("{FAE04EC0-301F-11D3-BF4B-00C04F79EFBC}") = "UT0507", "UT0507\UT0507.csproj", "{3B39F3C0-F45E-4E23-8F89-6F4C8BC1148E}"
EndProject
Global
	GlobalSection(SolutionConfigurationPlatforms) = preSolution
		Debug|Any CPU = Debug|Any CPU
		Release|Any CPU = Release|Any CPU
	EndGlobalSection
	GlobalSection(ProjectConfigurationPlatforms) = postSolution
		{3B39F3C0-F45E-4E23-8F89-6F4C8BC1148E}.Debug|Any CPU.ActiveCfg = Debug|Any CPU
		{3B39F3C0-F45E-4E23-8F89-6F4C8BC1148E}.Debug|Any CPU.Build.0 = Debug|Any CPU
		{3B39F3C0-F45E-4E23-8F89-6F4C8BC1148E}.Release|Any CPU.ActiveCfg = Release|Any CPU
		{3B39F3C0-F45E-4E23-8F89-6F4C8BC1148E}.Release|Any CPU.Build.0 = Release|Any CPU
	EndGlobalSection
	GlobalSection(SolutionProperties) = preSolution
		HideSolutionNode = FALSE
	EndGlobalSection
	GlobalSection(ExtensibilityGlobals) = postSolution
		SolutionGuid = {526E3AF4-C919-40A5-96C8-FACA314E9F28}
	EndGlobalSection
EndGlobal
