
Microsoft Visual Studio Solution File, Format Version 12.00
# Visual Studio Version 17
VisualStudioVersion = 17.4.33110.190
MinimumVisualStudioVersion = 10.0.40219.1
Project("{9A19103F-16F7-4668-BE54-9A1E7A4F7556}") = "REP-EXA-TEMA5", "REP-EXA-TEMA5\REP-EXA-TEMA5.csproj", "{35203EAD-0A26-43C3-A199-DDCC36A4BD3B}"
EndProject
Project("{FAE04EC0-301F-11D3-BF4B-00C04F79EFBC}") = "TiendaFinMundo", "TiendiaFinMundo\TiendaFinMundo.csproj", "{69F749B3-4373-401C-89CF-E3285A08579E}"
EndProject
Global
	GlobalSection(SolutionConfigurationPlatforms) = preSolution
		Debug|Any CPU = Debug|Any CPU
		Release|Any CPU = Release|Any CPU
	EndGlobalSection
	GlobalSection(ProjectConfigurationPlatforms) = postSolution
		{35203EAD-0A26-43C3-A199-DDCC36A4BD3B}.Debug|Any CPU.ActiveCfg = Debug|Any CPU
		{35203EAD-0A26-43C3-A199-DDCC36A4BD3B}.Debug|Any CPU.Build.0 = Debug|Any CPU
		{35203EAD-0A26-43C3-A199-DDCC36A4BD3B}.Release|Any CPU.ActiveCfg = Release|Any CPU
		{35203EAD-0A26-43C3-A199-DDCC36A4BD3B}.Release|Any CPU.Build.0 = Release|Any CPU
		{69F749B3-4373-401C-89CF-E3285A08579E}.Debug|Any CPU.ActiveCfg = Debug|Any CPU
		{69F749B3-4373-401C-89CF-E3285A08579E}.Debug|Any CPU.Build.0 = Debug|Any CPU
		{69F749B3-4373-401C-89CF-E3285A08579E}.Release|Any CPU.ActiveCfg = Release|Any CPU
		{69F749B3-4373-401C-89CF-E3285A08579E}.Release|Any CPU.Build.0 = Release|Any CPU
	EndGlobalSection
	GlobalSection(SolutionProperties) = preSolution
		HideSolutionNode = FALSE
	EndGlobalSection
	GlobalSection(ExtensibilityGlobals) = postSolution
		SolutionGuid = {2B3BF9AA-09D9-4D15-A0D2-068D50F8A6CB}
	EndGlobalSection
EndGlobal
