
Microsoft Visual Studio Solution File, Format Version 12.00
# Visual Studio Version 17
VisualStudioVersion = 17.4.33110.190
MinimumVisualStudioVersion = 10.0.40219.1
Project("{9A19103F-16F7-4668-BE54-9A1E7A4F7556}") = "Pokemon", "Pokemon\Pokemon.csproj", "{8BED4877-2204-4E1C-AFD7-BBB4F3E187D6}"
EndProject
Global
	GlobalSection(SolutionConfigurationPlatforms) = preSolution
		Debug|Any CPU = Debug|Any CPU
		Release|Any CPU = Release|Any CPU
	EndGlobalSection
	GlobalSection(ProjectConfigurationPlatforms) = postSolution
		{8BED4877-2204-4E1C-AFD7-BBB4F3E187D6}.Debug|Any CPU.ActiveCfg = Debug|Any CPU
		{8BED4877-2204-4E1C-AFD7-BBB4F3E187D6}.Debug|Any CPU.Build.0 = Debug|Any CPU
		{8BED4877-2204-4E1C-AFD7-BBB4F3E187D6}.Release|Any CPU.ActiveCfg = Release|Any CPU
		{8BED4877-2204-4E1C-AFD7-BBB4F3E187D6}.Release|Any CPU.Build.0 = Release|Any CPU
	EndGlobalSection
	GlobalSection(SolutionProperties) = preSolution
		HideSolutionNode = FALSE
	EndGlobalSection
	GlobalSection(ExtensibilityGlobals) = postSolution
		SolutionGuid = {C34FB915-49B8-4D5B-A56D-86F6F754F86F}
	EndGlobalSection
EndGlobal
