
Microsoft Visual Studio Solution File, Format Version 12.00
# Visual Studio Version 17
VisualStudioVersion = 17.3.32929.385
MinimumVisualStudioVersion = 10.0.40219.1
Project("{9A19103F-16F7-4668-BE54-9A1E7A4F7556}") = "EJER - 1", "EJER - 1\EJER - 1.csproj", "{D224733D-E1D8-4BFF-8CFB-1BB1CA084009}"
EndProject
Project("{9A19103F-16F7-4668-BE54-9A1E7A4F7556}") = "EJER - 2", "EJER - 2\EJER - 2.csproj", "{9A4E3414-B614-480E-B92E-63B5DF8EDA82}"
EndProject
Project("{FAE04EC0-301F-11D3-BF4B-00C04F79EFBC}") = "EJER - 4", "EJER - 4\EJER - 4.csproj", "{94D69B7A-DD61-432B-9C54-8D58C3A3D063}"
EndProject
Global
	GlobalSection(SolutionConfigurationPlatforms) = preSolution
		Debug|Any CPU = Debug|Any CPU
		Release|Any CPU = Release|Any CPU
	EndGlobalSection
	GlobalSection(ProjectConfigurationPlatforms) = postSolution
		{D224733D-E1D8-4BFF-8CFB-1BB1CA084009}.Debug|Any CPU.ActiveCfg = Debug|Any CPU
		{D224733D-E1D8-4BFF-8CFB-1BB1CA084009}.Debug|Any CPU.Build.0 = Debug|Any CPU
		{D224733D-E1D8-4BFF-8CFB-1BB1CA084009}.Release|Any CPU.ActiveCfg = Release|Any CPU
		{D224733D-E1D8-4BFF-8CFB-1BB1CA084009}.Release|Any CPU.Build.0 = Release|Any CPU
		{9A4E3414-B614-480E-B92E-63B5DF8EDA82}.Debug|Any CPU.ActiveCfg = Debug|Any CPU
		{9A4E3414-B614-480E-B92E-63B5DF8EDA82}.Debug|Any CPU.Build.0 = Debug|Any CPU
		{9A4E3414-B614-480E-B92E-63B5DF8EDA82}.Release|Any CPU.ActiveCfg = Release|Any CPU
		{9A4E3414-B614-480E-B92E-63B5DF8EDA82}.Release|Any CPU.Build.0 = Release|Any CPU
		{94D69B7A-DD61-432B-9C54-8D58C3A3D063}.Debug|Any CPU.ActiveCfg = Debug|Any CPU
		{94D69B7A-DD61-432B-9C54-8D58C3A3D063}.Debug|Any CPU.Build.0 = Debug|Any CPU
		{94D69B7A-DD61-432B-9C54-8D58C3A3D063}.Release|Any CPU.ActiveCfg = Release|Any CPU
		{94D69B7A-DD61-432B-9C54-8D58C3A3D063}.Release|Any CPU.Build.0 = Release|Any CPU
	EndGlobalSection
	GlobalSection(SolutionProperties) = preSolution
		HideSolutionNode = FALSE
	EndGlobalSection
	GlobalSection(ExtensibilityGlobals) = postSolution
		SolutionGuid = {A072184F-D722-43FB-8FEB-8503BB9768F2}
	EndGlobalSection
EndGlobal
