
Microsoft Visual Studio Solution File, Format Version 12.00
# Visual Studio Version 17
VisualStudioVersion = 17.4.33110.190
MinimumVisualStudioVersion = 10.0.40219.1
Project("{FAE04EC0-301F-11D3-BF4B-00C04F79EFBC}") = "UT0507 FICHEROS", "UT0507 FICHEROS\UT0507 FICHEROS.csproj", "{01949146-2B0F-49F6-8B58-13CFAD0220D5}"
EndProject
Global
	GlobalSection(SolutionConfigurationPlatforms) = preSolution
		Debug|Any CPU = Debug|Any CPU
		Release|Any CPU = Release|Any CPU
	EndGlobalSection
	GlobalSection(ProjectConfigurationPlatforms) = postSolution
		{01949146-2B0F-49F6-8B58-13CFAD0220D5}.Debug|Any CPU.ActiveCfg = Debug|Any CPU
		{01949146-2B0F-49F6-8B58-13CFAD0220D5}.Debug|Any CPU.Build.0 = Debug|Any CPU
		{01949146-2B0F-49F6-8B58-13CFAD0220D5}.Release|Any CPU.ActiveCfg = Release|Any CPU
		{01949146-2B0F-49F6-8B58-13CFAD0220D5}.Release|Any CPU.Build.0 = Release|Any CPU
	EndGlobalSection
	GlobalSection(SolutionProperties) = preSolution
		HideSolutionNode = FALSE
	EndGlobalSection
	GlobalSection(ExtensibilityGlobals) = postSolution
		SolutionGuid = {E130A395-738A-449D-A8CC-47C2BDFA53E1}
	EndGlobalSection
EndGlobal
