
Microsoft Visual Studio Solution File, Format Version 12.00
# Visual Studio Version 17
VisualStudioVersion = 17.3.32901.215
MinimumVisualStudioVersion = 10.0.40219.1
Project("{FAE04EC0-301F-11D3-BF4B-00C04F79EFBC}") = "EJER1-PRUEBA", "EJER1-PRUEBA\EJER1-PRUEBA.csproj", "{B194D009-11A8-43A5-97CA-4BE3AE467C42}"
EndProject
Global
	GlobalSection(SolutionConfigurationPlatforms) = preSolution
		Debug|Any CPU = Debug|Any CPU
		Release|Any CPU = Release|Any CPU
	EndGlobalSection
	GlobalSection(ProjectConfigurationPlatforms) = postSolution
		{B194D009-11A8-43A5-97CA-4BE3AE467C42}.Debug|Any CPU.ActiveCfg = Debug|Any CPU
		{B194D009-11A8-43A5-97CA-4BE3AE467C42}.Debug|Any CPU.Build.0 = Debug|Any CPU
		{B194D009-11A8-43A5-97CA-4BE3AE467C42}.Release|Any CPU.ActiveCfg = Release|Any CPU
		{B194D009-11A8-43A5-97CA-4BE3AE467C42}.Release|Any CPU.Build.0 = Release|Any CPU
	EndGlobalSection
	GlobalSection(SolutionProperties) = preSolution
		HideSolutionNode = FALSE
	EndGlobalSection
	GlobalSection(ExtensibilityGlobals) = postSolution
		SolutionGuid = {FE44CBD4-5EE4-41AC-960A-160F6E095E7F}
	EndGlobalSection
EndGlobal
